
Microsoft Visual Studio Solution File, Format Version 12.00
# Visual Studio 15
VisualStudioVersion = 15.0.27428.2037
MinimumVisualStudioVersion = 10.0.40219.1
Project("{FAE04EC0-301F-11D3-BF4B-00C04F79EFBC}") = "TesterUIFormsApp", "TesterUIFormsApp\TesterUIFormsApp.csproj", "{448C1024-FE39-4D8F-9CA8-B8F73B69EB58}"
EndProject
Global
	GlobalSection(SolutionConfigurationPlatforms) = preSolution
		Debug|Any CPU = Debug|Any CPU
		Release|Any CPU = Release|Any CPU
	EndGlobalSection
	GlobalSection(ProjectConfigurationPlatforms) = postSolution
		{448C1024-FE39-4D8F-9CA8-B8F73B69EB58}.Debug|Any CPU.ActiveCfg = Debug|Any CPU
		{448C1024-FE39-4D8F-9CA8-B8F73B69EB58}.Debug|Any CPU.Build.0 = Debug|Any CPU
		{448C1024-FE39-4D8F-9CA8-B8F73B69EB58}.Release|Any CPU.ActiveCfg = Release|Any CPU
		{448C1024-FE39-4D8F-9CA8-B8F73B69EB58}.Release|Any CPU.Build.0 = Release|Any CPU
	EndGlobalSection
	GlobalSection(SolutionProperties) = preSolution
		HideSolutionNode = FALSE
	EndGlobalSection
	GlobalSection(ExtensibilityGlobals) = postSolution
		SolutionGuid = {805A439C-0FA1-455A-B127-188D47E9F270}
	EndGlobalSection
EndGlobal
